
Microsoft Visual Studio Solution File, Format Version 12.00
# Visual Studio Version 17
VisualStudioVersion = 17.1.32319.34
MinimumVisualStudioVersion = 10.0.40219.1
Project("{888888A0-9F3D-457C-B088-3A5042F75D52}") = "GetDataCisco", "GetDataCisco\GetDataCisco.pyproj", "{8599C8D0-99A7-4240-ACE8-5F845CC0A398}"
EndProject
Global
	GlobalSection(SolutionConfigurationPlatforms) = preSolution
		Debug|Any CPU = Debug|Any CPU
		Release|Any CPU = Release|Any CPU
	EndGlobalSection
	GlobalSection(ProjectConfigurationPlatforms) = postSolution
		{8599C8D0-99A7-4240-ACE8-5F845CC0A398}.Debug|Any CPU.ActiveCfg = Debug|Any CPU
		{8599C8D0-99A7-4240-ACE8-5F845CC0A398}.Release|Any CPU.ActiveCfg = Release|Any CPU
	EndGlobalSection
	GlobalSection(SolutionProperties) = preSolution
		HideSolutionNode = FALSE
	EndGlobalSection
	GlobalSection(ExtensibilityGlobals) = postSolution
		SolutionGuid = {80BB5D9D-4A92-4532-B7C4-43595624E81D}
	EndGlobalSection
EndGlobal
